<?xml version="1.0" encoding="utf-8"?>
<Project ToolsVersion="4.0" xmlns="http://schemas.microsoft.com/developer/msbuild/2003">
	<ItemGroup>
		<Filter Include="Header Files">
			<UniqueIdentifier>{8d864711-2280-4da2-a5c7-a4b28dcc7740}</UniqueIdentifier>
		</Filter>
		<Filter Include="Source Files">
			<UniqueIdentifier>{d4efba4c-59c9-4c80-abac-810139287ca8}</UniqueIdentifier>
		</Filter>
		<Filter Include="TwinCAT UM Files">
			<UniqueIdentifier>{defe8f79-6a85-4c19-a059-0c6e6247651e}</UniqueIdentifier>
		</Filter>
		<Filter Include="TwinCAT RT Files">
			<UniqueIdentifier>{b147ed74-2632-4fd3-a8b9-ceb0355be1ec}</UniqueIdentifier>
		</Filter>
		<Filter Include="TwinCAT OS Files">
			<UniqueIdentifier>{056384a7-9d96-4d19-b31c-346da4605446}</UniqueIdentifier>
		</Filter>
		<Filter Include="TMC Files">
			<UniqueIdentifier>{5a616cce-479a-438b-9829-a3505dfdf61d}</UniqueIdentifier>
		</Filter>
	</ItemGroup>
	<ItemGroup>
		<ClInclude Include="Resource.h">
			<Filter>TwinCAT UM Files</Filter>
		</ClInclude>
		<ClInclude Include="TcPch.h">
			<Filter>Header Files</Filter>
		</ClInclude>
		<ClInclude Include="IiwaSimClassFactory.h">
			<Filter>Header Files</Filter>
		</ClInclude>
		<ClInclude Include="IiwaSimInterfaces.h">
			<Filter>Header Files</Filter>
		</ClInclude>
		<ClInclude Include="IiwaSimServices.h">
			<Filter>Header Files</Filter>
		</ClInclude>
		<ClInclude Include="IiwaSimCtrl.h">
			<Filter>TwinCAT UM Files</Filter>
		</ClInclude>
		<ClInclude Include="IiwaSimDriver.h">
			<Filter>TwinCAT RT Files</Filter>
		</ClInclude>
	</ItemGroup>
	<ItemGroup>
		<ClCompile Include="TcPch.cpp">
			<Filter>Source Files</Filter>
		</ClCompile>
		<ClCompile Include="IiwaSimClassFactory.cpp">
			<Filter>Source Files</Filter>
		</ClCompile>
		<ClCompile Include="IiwaSimCtrl.cpp">
			<Filter>TwinCAT UM Files</Filter>
		</ClCompile>
		<ClCompile Include="IiwaSimW32.cpp">
			<Filter>TwinCAT UM Files</Filter>
		</ClCompile>
		<ClCompile Include="IiwaSimDriver.cpp">
			<Filter>TwinCAT RT Files</Filter>
		</ClCompile>
		<ClCompile Include="IiwaSimMain.cpp">
			<Filter>TwinCAT OS Files</Filter>
		</ClCompile>
	</ItemGroup>
	<ItemGroup>
		<ResourceCompile Include="IiwaSim.rc">
			<Filter>Source Files</Filter>
		</ResourceCompile>
		<ResourceCompile Include="IiwaSimW32.rc">
			<Filter>TwinCAT UM Files</Filter>
		</ResourceCompile>
	</ItemGroup>
	<ItemGroup>
		<None Include="IiwaSimW32.def">
			<Filter>TwinCAT UM Files</Filter>
		</None>
		<None Include="IiwaSim.tmc">
			<Filter>TMC Files</Filter>
		</None>
	</ItemGroup>
	<ItemGroup>
		<Midl Include="IiwaSimW32.idl">
			<Filter>TwinCAT UM Files</Filter>
		</Midl>
	</ItemGroup>
</Project>