<?xml version="1.0" encoding="utf-8"?>
<Project ToolsVersion="4.0" xmlns="http://schemas.microsoft.com/developer/msbuild/2003">
  <ItemGroup>
    <Filter Include="Header Files">
      <UniqueIdentifier>{c06d02e1-aaa5-49ba-abd3-4669c606051b}</UniqueIdentifier>
    </Filter>
    <Filter Include="Source Files">
      <UniqueIdentifier>{1b38d4d0-0f97-4d77-9d9f-e54073a34548}</UniqueIdentifier>
    </Filter>
    <Filter Include="TwinCAT UM Files">
      <UniqueIdentifier>{49e0723d-03db-4db5-9fbd-6ec581a9a223}</UniqueIdentifier>
    </Filter>
    <Filter Include="TwinCAT RT Files">
      <UniqueIdentifier>{8e9896eb-5840-49a2-be75-f0f0104e134a}</UniqueIdentifier>
    </Filter>
    <Filter Include="TwinCAT OS Files">
      <UniqueIdentifier>{86effb2a-ec6d-4a08-9420-bfde175a20c8}</UniqueIdentifier>
    </Filter>
    <Filter Include="TMC Files">
      <UniqueIdentifier>{d1df33bd-fcda-481e-84fb-3106a8044772}</UniqueIdentifier>
    </Filter>
    <Filter Include="Source Files\mujoco_tc">
      <UniqueIdentifier>{0771c1cf-2a51-4b30-ac35-937cb7970efe}</UniqueIdentifier>
    </Filter>
  </ItemGroup>
  <ItemGroup>
    <ClInclude Include="Resource.h">
      <Filter>TwinCAT UM Files</Filter>
    </ClInclude>
    <ClInclude Include="TcPch.h">
      <Filter>Header Files</Filter>
    </ClInclude>
    <ClInclude Include="OrcLinAxisControlClassFactory.h">
      <Filter>Header Files</Filter>
    </ClInclude>
    <ClInclude Include="OrcLinAxisControlInterfaces.h">
      <Filter>Header Files</Filter>
    </ClInclude>
    <ClInclude Include="OrcLinAxisControlServices.h">
      <Filter>Header Files</Filter>
    </ClInclude>
    <ClInclude Include="OrcLinAxisControlCtrl.h">
      <Filter>TwinCAT UM Files</Filter>
    </ClInclude>
    <ClInclude Include="OrcLinAxisControlDriver.h">
      <Filter>TwinCAT RT Files</Filter>
    </ClInclude>
    <ClInclude Include="OrcLinAxisContr.h">
      <Filter>Header Files</Filter>
    </ClInclude>
    <ClInclude Include="StateMachine.h">
      <Filter>Header Files</Filter>
    </ClInclude>
  </ItemGroup>
  <ItemGroup>
    <ClCompile Include="TcPch.cpp">
      <Filter>Source Files</Filter>
    </ClCompile>
    <ClCompile Include="OrcLinAxisControlClassFactory.cpp">
      <Filter>Source Files</Filter>
    </ClCompile>
    <ClCompile Include="OrcLinAxisControlCtrl.cpp">
      <Filter>TwinCAT UM Files</Filter>
    </ClCompile>
    <ClCompile Include="OrcLinAxisControlW32.cpp">
      <Filter>TwinCAT UM Files</Filter>
    </ClCompile>
    <ClCompile Include="OrcLinAxisControlDriver.cpp">
      <Filter>TwinCAT RT Files</Filter>
    </ClCompile>
    <ClCompile Include="OrcLinAxisControlMain.cpp">
      <Filter>TwinCAT OS Files</Filter>
    </ClCompile>
    <ClCompile Include="OrcLinAxisContr.cpp">
      <Filter>Source Files</Filter>
    </ClCompile>
    <ClCompile Include="..\..\..\orc-a\src\Logger.cpp">
      <Filter>Source Files</Filter>
    </ClCompile>
    <ClCompile Include="eigen_tc.cpp">
      <Filter>Source Files</Filter>
    </ClCompile>
    <ClCompile Include="..\..\..\mujoco_tc\src\engine_callback.cpp">
      <Filter>Source Files\mujoco_tc</Filter>
    </ClCompile>
    <ClCompile Include="..\..\..\mujoco_tc\src\engine_collision_driver_tc.cpp">
      <Filter>Source Files\mujoco_tc</Filter>
    </ClCompile>
    <ClCompile Include="..\..\..\mujoco_tc\src\engine_collision_primitive_tc.cpp">
      <Filter>Source Files\mujoco_tc</Filter>
    </ClCompile>
    <ClCompile Include="..\..\..\mujoco_tc\src\engine_core_constraint_tc.cpp">
      <Filter>Source Files\mujoco_tc</Filter>
    </ClCompile>
    <ClCompile Include="..\..\..\mujoco_tc\src\engine_core_smooth_tc.cpp">
      <Filter>Source Files\mujoco_tc</Filter>
    </ClCompile>
    <ClCompile Include="..\..\..\mujoco_tc\src\engine_forward_tc.cpp">
      <Filter>Source Files\mujoco_tc</Filter>
    </ClCompile>
    <ClCompile Include="..\..\..\mujoco_tc\src\engine_io_tc.cpp">
      <Filter>Source Files\mujoco_tc</Filter>
    </ClCompile>
    <ClCompile Include="..\..\..\mujoco_tc\src\engine_name_tc.cpp">
      <Filter>Source Files\mujoco_tc</Filter>
    </ClCompile>
    <ClCompile Include="..\..\..\mujoco_tc\src\engine_passive_tc.cpp">
      <Filter>Source Files\mujoco_tc</Filter>
    </ClCompile>
    <ClCompile Include="..\..\..\mujoco_tc\src\engine_support_tc.cpp">
      <Filter>Source Files\mujoco_tc</Filter>
    </ClCompile>
    <ClCompile Include="..\..\..\mujoco_tc\src\engine_util_blas_tc.cpp">
      <Filter>Source Files\mujoco_tc</Filter>
    </ClCompile>
    <ClCompile Include="..\..\..\mujoco_tc\src\engine_util_misc_tc.cpp">
      <Filter>Source Files\mujoco_tc</Filter>
    </ClCompile>
    <ClCompile Include="..\..\..\mujoco_tc\src\engine_util_solve_tc.cpp">
      <Filter>Source Files\mujoco_tc</Filter>
    </ClCompile>
    <ClCompile Include="..\..\..\mujoco_tc\src\engine_util_sparse_tc.cpp">
      <Filter>Source Files\mujoco_tc</Filter>
    </ClCompile>
    <ClCompile Include="..\..\..\mujoco_tc\src\engine_util_spatial_tc.cpp">
      <Filter>Source Files\mujoco_tc</Filter>
    </ClCompile>
    <ClCompile Include="..\..\..\mujoco_tc\src\mujoco_tc.cpp">
      <Filter>Source Files\mujoco_tc</Filter>
    </ClCompile>
    <ClCompile Include="..\..\..\mujoco_tc\src\mujoco_tc_calculations.cpp">
      <Filter>Source Files\mujoco_tc</Filter>
    </ClCompile>
    <ClCompile Include="..\..\..\mujoco_tc\include\mujoco_tc\engine_collision_convex_tc.cpp">
      <Filter>Source Files\mujoco_tc</Filter>
    </ClCompile>
    <ClCompile Include="..\..\..\mujoco_tc\include\mujoco_tc\engine_collision_box_tc.cpp">
      <Filter>Source Files\mujoco_tc</Filter>
    </ClCompile>
  </ItemGroup>
  <ItemGroup>
    <ResourceCompile Include="OrcLinAxisControl.rc">
      <Filter>Source Files</Filter>
    </ResourceCompile>
    <ResourceCompile Include="OrcLinAxisControlW32.rc">
      <Filter>TwinCAT UM Files</Filter>
    </ResourceCompile>
  </ItemGroup>
  <ItemGroup>
    <None Include="OrcLinAxisControlW32.def">
      <Filter>TwinCAT UM Files</Filter>
    </None>
    <None Include="OrcLinAxisControl.tmc">
      <Filter>TMC Files</Filter>
    </None>
  </ItemGroup>
  <ItemGroup>
    <Midl Include="OrcLinAxisControlW32.idl">
      <Filter>TwinCAT UM Files</Filter>
    </Midl>
  </ItemGroup>
</Project>