<?xml version="1.0" encoding="utf-8"?>
<Project ToolsVersion="4.0" xmlns="http://schemas.microsoft.com/developer/msbuild/2003">
  <ItemGroup>
    <Filter Include="Header Files">
      <UniqueIdentifier>{8aa34397-cb33-4987-aecc-202797b81c82}</UniqueIdentifier>
    </Filter>
    <Filter Include="Source Files">
      <UniqueIdentifier>{0efff192-7069-48a0-b753-399869fba3a9}</UniqueIdentifier>
    </Filter>
    <Filter Include="TwinCAT UM Files">
      <UniqueIdentifier>{58a8543b-add6-423b-84af-a53695123d8a}</UniqueIdentifier>
    </Filter>
    <Filter Include="TwinCAT RT Files">
      <UniqueIdentifier>{b744f3e5-666b-4bc6-8e58-3368984a956c}</UniqueIdentifier>
    </Filter>
    <Filter Include="TwinCAT OS Files">
      <UniqueIdentifier>{195ea67f-4e64-4d1e-81d8-ad2a61f1c32b}</UniqueIdentifier>
    </Filter>
    <Filter Include="TMC Files">
      <UniqueIdentifier>{daedd7e6-bdc5-485e-a724-2521c3c81dcd}</UniqueIdentifier>
    </Filter>
    <Filter Include="Source Files\mujoco_tc">
      <UniqueIdentifier>{590f521f-c32e-48b1-b6f1-326e631140ac}</UniqueIdentifier>
    </Filter>
  </ItemGroup>
  <ItemGroup>
    <ClInclude Include="Resource.h">
      <Filter>TwinCAT UM Files</Filter>
    </ClInclude>
    <ClInclude Include="TcPch.h">
      <Filter>Header Files</Filter>
    </ClInclude>
    <ClInclude Include="RobotSimClassFactory.h">
      <Filter>Header Files</Filter>
    </ClInclude>
    <ClInclude Include="RobotSimInterfaces.h">
      <Filter>Header Files</Filter>
    </ClInclude>
    <ClInclude Include="RobotSimServices.h">
      <Filter>Header Files</Filter>
    </ClInclude>
    <ClInclude Include="RobotSimCtrl.h">
      <Filter>TwinCAT UM Files</Filter>
    </ClInclude>
    <ClInclude Include="RobotSimDriver.h">
      <Filter>TwinCAT RT Files</Filter>
    </ClInclude>
    <ClInclude Include="RobotSim.h">
      <Filter>Header Files</Filter>
    </ClInclude>
  </ItemGroup>
  <ItemGroup>
    <ClCompile Include="TcPch.cpp">
      <Filter>Source Files</Filter>
    </ClCompile>
    <ClCompile Include="RobotSimClassFactory.cpp">
      <Filter>Source Files</Filter>
    </ClCompile>
    <ClCompile Include="RobotSimCtrl.cpp">
      <Filter>TwinCAT UM Files</Filter>
    </ClCompile>
    <ClCompile Include="RobotSimW32.cpp">
      <Filter>TwinCAT UM Files</Filter>
    </ClCompile>
    <ClCompile Include="RobotSimDriver.cpp">
      <Filter>TwinCAT RT Files</Filter>
    </ClCompile>
    <ClCompile Include="RobotSimMain.cpp">
      <Filter>TwinCAT OS Files</Filter>
    </ClCompile>
    <ClCompile Include="RobotSim.cpp">
      <Filter>Source Files</Filter>
    </ClCompile>
    <ClCompile Include="..\..\..\orc-a\src\Logger.cpp">
      <Filter>Source Files</Filter>
    </ClCompile>
    <ClCompile Include="..\ArcTcControl\eigen_tc.cpp">
      <Filter>Source Files</Filter>
    </ClCompile>
    <ClCompile Include="..\..\..\mujoco_tc\include\mujoco_tc\engine_collision_box_tc.cpp">
      <Filter>Source Files\mujoco_tc</Filter>
    </ClCompile>
    <ClCompile Include="..\..\..\mujoco_tc\include\mujoco_tc\engine_collision_convex_tc.cpp">
      <Filter>Source Files\mujoco_tc</Filter>
    </ClCompile>
    <ClCompile Include="..\..\..\mujoco_tc\src\engine_callback.cpp">
      <Filter>Source Files\mujoco_tc</Filter>
    </ClCompile>
    <ClCompile Include="..\..\..\mujoco_tc\src\engine_collision_driver_tc.cpp">
      <Filter>Source Files\mujoco_tc</Filter>
    </ClCompile>
    <ClCompile Include="..\..\..\mujoco_tc\src\engine_collision_primitive_tc.cpp">
      <Filter>Source Files\mujoco_tc</Filter>
    </ClCompile>
    <ClCompile Include="..\..\..\mujoco_tc\src\engine_core_constraint_tc.cpp">
      <Filter>Source Files\mujoco_tc</Filter>
    </ClCompile>
    <ClCompile Include="..\..\..\mujoco_tc\src\engine_core_smooth_tc.cpp">
      <Filter>Source Files\mujoco_tc</Filter>
    </ClCompile>
    <ClCompile Include="..\..\..\mujoco_tc\src\engine_forward_tc.cpp">
      <Filter>Source Files\mujoco_tc</Filter>
    </ClCompile>
    <ClCompile Include="..\..\..\mujoco_tc\src\engine_io_tc.cpp">
      <Filter>Source Files\mujoco_tc</Filter>
    </ClCompile>
    <ClCompile Include="..\..\..\mujoco_tc\src\engine_name_tc.cpp">
      <Filter>Source Files\mujoco_tc</Filter>
    </ClCompile>
    <ClCompile Include="..\..\..\mujoco_tc\src\engine_passive_tc.cpp">
      <Filter>Source Files\mujoco_tc</Filter>
    </ClCompile>
    <ClCompile Include="..\..\..\mujoco_tc\src\engine_support_tc.cpp">
      <Filter>Source Files\mujoco_tc</Filter>
    </ClCompile>
    <ClCompile Include="..\..\..\mujoco_tc\src\engine_util_blas_tc.cpp">
      <Filter>Source Files\mujoco_tc</Filter>
    </ClCompile>
    <ClCompile Include="..\..\..\mujoco_tc\src\engine_util_misc_tc.cpp">
      <Filter>Source Files\mujoco_tc</Filter>
    </ClCompile>
    <ClCompile Include="..\..\..\mujoco_tc\src\engine_util_solve_tc.cpp">
      <Filter>Source Files\mujoco_tc</Filter>
    </ClCompile>
    <ClCompile Include="..\..\..\mujoco_tc\src\engine_util_sparse_tc.cpp">
      <Filter>Source Files\mujoco_tc</Filter>
    </ClCompile>
    <ClCompile Include="..\..\..\mujoco_tc\src\engine_util_spatial_tc.cpp">
      <Filter>Source Files\mujoco_tc</Filter>
    </ClCompile>
    <ClCompile Include="..\..\..\mujoco_tc\src\mujoco_tc.cpp">
      <Filter>Source Files\mujoco_tc</Filter>
    </ClCompile>
    <ClCompile Include="..\..\..\mujoco_tc\src\mujoco_tc_calculations.cpp">
      <Filter>Source Files\mujoco_tc</Filter>
    </ClCompile>
  </ItemGroup>
  <ItemGroup>
    <ResourceCompile Include="RobotSim.rc">
      <Filter>Source Files</Filter>
    </ResourceCompile>
    <ResourceCompile Include="RobotSimW32.rc">
      <Filter>TwinCAT UM Files</Filter>
    </ResourceCompile>
  </ItemGroup>
  <ItemGroup>
    <None Include="RobotSimW32.def">
      <Filter>TwinCAT UM Files</Filter>
    </None>
    <None Include="RobotSim.tmc">
      <Filter>TMC Files</Filter>
    </None>
  </ItemGroup>
  <ItemGroup>
    <Midl Include="RobotSimW32.idl">
      <Filter>TwinCAT UM Files</Filter>
    </Midl>
  </ItemGroup>
</Project>